// !$*UTF8*$!
{
	archiveVersion = 1;
	classes = {
	};
	objectVersion = 48;
	objects = {

/* Begin PBXBuildFile section */
		1AF42C0C1FBD385C00295882 /* AppDelegate.m in Sources */ = {isa = PBXBuildFile; fileRef = 1AF42C0B1FBD385C00295882 /* AppDelegate.m */; };
		1AF42C0F1FBD385C00295882 /* HomeViewController.m in Sources */ = {isa = PBXBuildFile; fileRef = 1AF42C0E1FBD385C00295882 /* HomeViewController.m */; };
		1AF42C121FBD385C00295882 /* Main.storyboard in Resources */ = {isa = PBXBuildFile; fileRef = 1AF42C101FBD385C00295882 /* Main.storyboard */; };
		1AF42C141FBD385C00295882 /* Assets.xcassets in Resources */ = {isa = PBXBuildFile; fileRef = 1AF42C131FBD385C00295882 /* Assets.xcassets */; };
		1AF42C171FBD385C00295882 /* LaunchScreen.storyboard in Resources */ = {isa = PBXBuildFile; fileRef = 1AF42C151FBD385C00295882 /* LaunchScreen.storyboard */; };
		1AF42C1A1FBD385C00295882 /* main.m in Sources */ = {isa = PBXBuildFile; fileRef = 1AF42C191FBD385C00295882 /* main.m */; };
		1AF42C231FC80DC500295882 /* AutoresizingMaskViewController.m in Sources */ = {isa = PBXBuildFile; fileRef = 1AF42C221FC80DC500295882 /* AutoresizingMaskViewController.m */; };
		1AF42C261FC8142E00295882 /* RootNavigationController.m in Sources */ = {isa = PBXBuildFile; fileRef = 1AF42C251FC8142E00295882 /* RootNavigationController.m */; };
/* End PBXBuildFile section */

/* Begin PBXFileReference section */
		1AF42C071FBD385C00295882 /* UIViewDemo.app */ = {isa = PBXFileReference; explicitFileType = wrapper.application; includeInIndex = 0; path = UIViewDemo.app; sourceTree = BUILT_PRODUCTS_DIR; };
		1AF42C0A1FBD385C00295882 /* AppDelegate.h */ = {isa = PBXFileReference; lastKnownFileType = sourcecode.c.h; path = AppDelegate.h; sourceTree = "<group>"; };
		1AF42C0B1FBD385C00295882 /* AppDelegate.m */ = {isa = PBXFileReference; lastKnownFileType = sourcecode.c.objc; path = AppDelegate.m; sourceTree = "<group>"; };
		1AF42C0D1FBD385C00295882 /* HomeViewController.h */ = {isa = PBXFileReference; lastKnownFileType = sourcecode.c.h; path = HomeViewController.h; sourceTree = "<group>"; };
		1AF42C0E1FBD385C00295882 /* HomeViewController.m */ = {isa = PBXFileReference; lastKnownFileType = sourcecode.c.objc; path = HomeViewController.m; sourceTree = "<group>"; };
		1AF42C111FBD385C00295882 /* Base */ = {isa = PBXFileReference; lastKnownFileType = file.storyboard; name = Base; path = Base.lproj/Main.storyboard; sourceTree = "<group>"; };
		1AF42C131FBD385C00295882 /* Assets.xcassets */ = {isa = PBXFileReference; lastKnownFileType = folder.assetcatalog; path = Assets.xcassets; sourceTree = "<group>"; };
		1AF42C161FBD385C00295882 /* Base */ = {isa = PBXFileReference; lastKnownFileType = file.storyboard; name = Base; path = Base.lproj/LaunchScreen.storyboard; sourceTree = "<group>"; };
		1AF42C181FBD385C00295882 /* Info.plist */ = {isa = PBXFileReference; lastKnownFileType = text.plist.xml; path = Info.plist; sourceTree = "<group>"; };
		1AF42C191FBD385C00295882 /* main.m */ = {isa = PBXFileReference; lastKnownFileType = sourcecode.c.objc; path = main.m; sourceTree = "<group>"; };
		1AF42C211FC80DC500295882 /* AutoresizingMaskViewController.h */ = {isa = PBXFileReference; lastKnownFileType = sourcecode.c.h; path = AutoresizingMaskViewController.h; sourceTree = "<group>"; };
		1AF42C221FC80DC500295882 /* AutoresizingMaskViewController.m */ = {isa = PBXFileReference; lastKnownFileType = sourcecode.c.objc; path = AutoresizingMaskViewController.m; sourceTree = "<group>"; };
		1AF42C241FC8142E00295882 /* RootNavigationController.h */ = {isa = PBXFileReference; lastKnownFileType = sourcecode.c.h; path = RootNavigationController.h; sourceTree = "<group>"; };
		1AF42C251FC8142E00295882 /* RootNavigationController.m */ = {isa = PBXFileReference; lastKnownFileType = sourcecode.c.objc; path = RootNavigationController.m; sourceTree = "<group>"; };
/* End PBXFileReference section */

/* Begin PBXFrameworksBuildPhase section */
		1AF42C041FBD385C00295882 /* Frameworks */ = {
			isa = PBXFrameworksBuildPhase;
			buildActionMask = 2147483647;
			files = (
			);
			runOnlyForDeploymentPostprocessing = 0;
		};
/* End PBXFrameworksBuildPhase section */

/* Begin PBXGroup section */
		1AF42BFE1FBD385C00295882 = {
			isa = PBXGroup;
			children = (
				1AF42C091FBD385C00295882 /* UIViewDemo */,
				1AF42C081FBD385C00295882 /* Products */,
			);
			sourceTree = "<group>";
		};
		1AF42C081FBD385C00295882 /* Products */ = {
			isa = PBXGroup;
			children = (
				1AF42C071FBD385C00295882 /* UIViewDemo.app */,
			);
			name = Products;
			sourceTree = "<group>";
		};
		1AF42C091FBD385C00295882 /* UIViewDemo */ = {
			isa = PBXGroup;
			children = (
				1AF42C201FC80D6600295882 /* 自动调整视图尺寸 */,
				1AF42C0A1FBD385C00295882 /* AppDelegate.h */,
				1AF42C0B1FBD385C00295882 /* AppDelegate.m */,
				1AF42C241FC8142E00295882 /* RootNavigationController.h */,
				1AF42C251FC8142E00295882 /* RootNavigationController.m */,
				1AF42C0D1FBD385C00295882 /* HomeViewController.h */,
				1AF42C0E1FBD385C00295882 /* HomeViewController.m */,
				1AF42C101FBD385C00295882 /* Main.storyboard */,
				1AF42C131FBD385C00295882 /* Assets.xcassets */,
				1AF42C151FBD385C00295882 /* LaunchScreen.storyboard */,
				1AF42C181FBD385C00295882 /* Info.plist */,
				1AF42C191FBD385C00295882 /* main.m */,
			);
			path = UIViewDemo;
			sourceTree = "<group>";
		};
		1AF42C201FC80D6600295882 /* 自动调整视图尺寸 */ = {
			isa = PBXGroup;
			children = (
				1AF42C211FC80DC500295882 /* AutoresizingMaskViewController.h */,
				1AF42C221FC80DC500295882 /* AutoresizingMaskViewController.m */,
			);
			path = "自动调整视图尺寸";
			sourceTree = "<group>";
		};
/* End PBXGroup section */

/* Begin PBXNativeTarget section */
		1AF42C061FBD385C00295882 /* UIViewDemo */ = {
			isa = PBXNativeTarget;
			buildConfigurationList = 1AF42C1D1FBD385C00295882 /* Build configuration list for PBXNativeTarget "UIViewDemo" */;
			buildPhases = (
				1AF42C031FBD385C00295882 /* Sources */,
				1AF42C041FBD385C00295882 /* Frameworks */,
				1AF42C051FBD385C00295882 /* Resources */,
			);
			buildRules = (
			);
			dependencies = (
			);
			name = UIViewDemo;
			productName = UIViewDemo;
			productReference = 1AF42C071FBD385C00295882 /* UIViewDemo.app */;
			productType = "com.apple.product-type.application";
		};
/* End PBXNativeTarget section */

/* Begin PBXProject section */
		1AF42BFF1FBD385C00295882 /* Project object */ = {
			isa = PBXProject;
			attributes = {
				LastUpgradeCheck = 0910;
				ORGANIZATIONNAME = "讯心科技";
				TargetAttributes = {
					1AF42C061FBD385C00295882 = {
						CreatedOnToolsVersion = 9.1;
						ProvisioningStyle = Manual;
					};
				};
			};
			buildConfigurationList = 1AF42C021FBD385C00295882 /* Build configuration list for PBXProject "UIViewDemo" */;
			compatibilityVersion = "Xcode 8.0";
			developmentRegion = en;
			hasScannedForEncodings = 0;
			knownRegions = (
				en,
				Base,
			);
			mainGroup = 1AF42BFE1FBD385C00295882;
			productRefGroup = 1AF42C081FBD385C00295882 /* Products */;
			projectDirPath = "";
			projectRoot = "";
			targets = (
				1AF42C061FBD385C00295882 /* UIViewDemo */,
			);
		};
/* End PBXProject section */

/* Begin PBXResourcesBuildPhase section */
		1AF42C051FBD385C00295882 /* Resources */ = {
			isa = PBXResourcesBuildPhase;
			buildActionMask = 2147483647;
			files = (
				1AF42C171FBD385C00295882 /* LaunchScreen.storyboard in Resources */,
				1AF42C141FBD385C00295882 /* Assets.xcassets in Resources */,
				1AF42C121FBD385C00295882 /* Main.storyboard in Resources */,
			);
			runOnlyForDeploymentPostprocessing = 0;
		};
/* End PBXResourcesBuildPhase section */

/* Begin PBXSourcesBuildPhase section */
		1AF42C031FBD385C00295882 /* Sources */ = {
			isa = PBXSourcesBuildPhase;
			buildActionMask = 2147483647;
			files = (
				1AF42C231FC80DC500295882 /* AutoresizingMaskViewController.m in Sources */,
				1AF42C0F1FBD385C00295882 /* HomeViewController.m in Sources */,
				1AF42C1A1FBD385C00295882 /* main.m in Sources */,
				1AF42C261FC8142E00295882 /* RootNavigationController.m in Sources */,
				1AF42C0C1FBD385C00295882 /* AppDelegate.m in Sources */,
			);
			runOnlyForDeploymentPostprocessing = 0;
		};
/* End PBXSourcesBuildPhase section */

/* Begin PBXVariantGroup section */
		1AF42C101FBD385C00295882 /* Main.storyboard */ = {
			isa = PBXVariantGroup;
			children = (
				1AF42C111FBD385C00295882 /* Base */,
			);
			name = Main.storyboard;
			sourceTree = "<group>";
		};
		1AF42C151FBD385C00295882 /* LaunchScreen.storyboard */ = {
			isa = PBXVariantGroup;
			children = (
				1AF42C161FBD385C00295882 /* Base */,
			);
			name = LaunchScreen.storyboard;
			sourceTree = "<group>";
		};
/* End PBXVariantGroup section */

/* Begin XCBuildConfiguration section */
		1AF42C1B1FBD385C00295882 /* Debug */ = {
			isa = XCBuildConfiguration;
			buildSettings = {
				ALWAYS_SEARCH_USER_PATHS = NO;
				CLANG_ANALYZER_NONNULL = YES;
				CLANG_ANALYZER_NUMBER_OBJECT_CONVERSION = YES_AGGRESSIVE;
				CLANG_CXX_LANGUAGE_STANDARD = "gnu++14";
				CLANG_CXX_LIBRARY = "libc++";
				CLANG_ENABLE_MODULES = YES;
				CLANG_ENABLE_OBJC_ARC = YES;
				CLANG_WARN_BLOCK_CAPTURE_AUTORELEASING = YES;
				CLANG_WARN_BOOL_CONVERSION = YES;
				CLANG_WARN_COMMA = YES;
				CLANG_WARN_CONSTANT_CONVERSION = YES;
				CLANG_WARN_DIRECT_OBJC_ISA_USAGE = YES_ERROR;
				CLANG_WARN_DOCUMENTATION_COMMENTS = YES;
				CLANG_WARN_EMPTY_BODY = YES;
				CLANG_WARN_ENUM_CONVERSION = YES;
				CLANG_WARN_INFINITE_RECURSION = YES;
				CLANG_WARN_INT_CONVERSION = YES;
				CLANG_WARN_NON_LITERAL_NULL_CONVERSION = YES;
				CLANG_WARN_OBJC_LITERAL_CONVERSION = YES;
				CLANG_WARN_OBJC_ROOT_CLASS = YES_ERROR;
				CLANG_WARN_RANGE_LOOP_ANALYSIS = YES;
				CLANG_WARN_STRICT_PROTOTYPES = YES;
				CLANG_WARN_SUSPICIOUS_MOVE = YES;
				CLANG_WARN_UNGUARDED_AVAILABILITY = YES_AGGRESSIVE;
				CLANG_WARN_UNREACHABLE_CODE = YES;
				CLANG_WARN__DUPLICATE_METHOD_MATCH = YES;
				CODE_SIGN_IDENTITY = "iPhone Developer";
				COPY_PHASE_STRIP = NO;
				DEBUG_INFORMATION_FORMAT = dwarf;
				ENABLE_STRICT_OBJC_MSGSEND = YES;
				ENABLE_TESTABILITY = YES;
				GCC_C_LANGUAGE_STANDARD = gnu11;
				GCC_DYNAMIC_NO_PIC = NO;
				GCC_NO_COMMON_BLOCKS = YES;
				GCC_OPTIMIZATION_LEVEL = 0;
				GCC_PREPROCESSOR_DEFINITIONS = (
					"DEBUG=1",
					"$(inherited)",
				);
				GCC_WARN_64_TO_32_BIT_CONVERSION = YES;
				GCC_WARN_ABOUT_RETURN_TYPE = YES_ERROR;
				GCC_WARN_UNDECLARED_SELECTOR = YES;
				GCC_WARN_UNINITIALIZED_AUTOS = YES_AGGRESSIVE;
				GCC_WARN_UNUSED_FUNCTION = YES;
				GCC_WARN_UNUSED_VARIABLE = YES;
				IPHONEOS_DEPLOYMENT_TARGET = 8.0;
				MTL_ENABLE_DEBUG_INFO = YES;
				ONLY_ACTIVE_ARCH = YES;
				SDKROOT = iphoneos;
			};
			name = Debug;
		};
		1AF42C1C1FBD385C00295882 /* Release */ = {
			isa = XCBuildConfiguration;
			buildSettings = {
				ALWAYS_SEARCH_USER_PATHS = NO;
				CLANG_ANALYZER_NONNULL = YES;
				CLANG_ANALYZER_NUMBER_OBJECT_CONVERSION = YES_AGGRESSIVE;
				CLANG_CXX_LANGUAGE_STANDARD = "gnu++14";
				CLANG_CXX_LIBRARY = "libc++";
				CLANG_ENABLE_MODULES = YES;
				CLANG_ENABLE_OBJC_ARC = YES;
				CLANG_WARN_BLOCK_CAPTURE_AUTORELEASING = YES;
				CLANG_WARN_BOOL_CONVERSION = YES;
				CLANG_WARN_COMMA = YES;
				CLANG_WARN_CONSTANT_CONVERSION = YES;
				CLANG_WARN_DIRECT_OBJC_ISA_USAGE = YES_ERROR;
				CLANG_WARN_DOCUMENTATION_COMMENTS = YES;
				CLANG_WARN_EMPTY_BODY = YES;
				CLANG_WARN_ENUM_CONVERSION = YES;
				CLANG_WARN_INFINITE_RECURSION = YES;
				CLANG_WARN_INT_CONVERSION = YES;
				CLANG_WARN_NON_LITERAL_NULL_CONVERSION = YES;
				CLANG_WARN_OBJC_LITERAL_CONVERSION = YES;
				CLANG_WARN_OBJC_ROOT_CLASS = YES_ERROR;
				CLANG_WARN_RANGE_LOOP_ANALYSIS = YES;
				CLANG_WARN_STRICT_PROTOTYPES = YES;
				CLANG_WARN_SUSPICIOUS_MOVE = YES;
				CLANG_WARN_UNGUARDED_AVAILABILITY = YES_AGGRESSIVE;
				CLANG_WARN_UNREACHABLE_CODE = YES;
				CLANG_WARN__DUPLICATE_METHOD_MATCH = YES;
				CODE_SIGN_IDENTITY = "iPhone Developer";
				COPY_PHASE_STRIP = NO;
				DEBUG_INFORMATION_FORMAT = "dwarf-with-dsym";
				ENABLE_NS_ASSERTIONS = NO;
				ENABLE_STRICT_OBJC_MSGSEND = YES;
				GCC_C_LANGUAGE_STANDARD = gnu11;
				GCC_NO_COMMON_BLOCKS = YES;
				GCC_WARN_64_TO_32_BIT_CONVERSION = YES;
				GCC_WARN_ABOUT_RETURN_TYPE = YES_ERROR;
				GCC_WARN_UNDECLARED_SELECTOR = YES;
				GCC_WARN_UNINITIALIZED_AUTOS = YES_AGGRESSIVE;
				GCC_WARN_UNUSED_FUNCTION = YES;
				GCC_WARN_UNUSED_VARIABLE = YES;
				IPHONEOS_DEPLOYMENT_TARGET = 8.0;
				MTL_ENABLE_DEBUG_INFO = NO;
				SDKROOT = iphoneos;
				VALIDATE_PRODUCT = YES;
			};
			name = Release;
		};
		1AF42C1E1FBD385C00295882 /* Debug */ = {
			isa = XCBuildConfiguration;
			buildSettings = {
				ASSETCATALOG_COMPILER_APPICON_NAME = AppIcon;
				CODE_SIGN_STYLE = Manual;
				DEVELOPMENT_TEAM = "";
				INFOPLIST_FILE = UIViewDemo/Info.plist;
				IPHONEOS_DEPLOYMENT_TARGET = 8.0;
				LD_RUNPATH_SEARCH_PATHS = "$(inherited) @executable_path/Frameworks";
				PRODUCT_BUNDLE_IDENTIFIER = com.xunxin.UIViewDemo;
				PRODUCT_NAME = "$(TARGET_NAME)";
				PROVISIONING_PROFILE_SPECIFIER = "";
				TARGETED_DEVICE_FAMILY = "1,2";
			};
			name = Debug;
		};
		1AF42C1F1FBD385C00295882 /* Release */ = {
			isa = XCBuildConfiguration;
			buildSettings = {
				ASSETCATALOG_COMPILER_APPICON_NAME = AppIcon;
				CODE_SIGN_STYLE = Manual;
				DEVELOPMENT_TEAM = "";
				INFOPLIST_FILE = UIViewDemo/Info.plist;
				IPHONEOS_DEPLOYMENT_TARGET = 8.0;
				LD_RUNPATH_SEARCH_PATHS = "$(inherited) @executable_path/Frameworks";
				PRODUCT_BUNDLE_IDENTIFIER = com.xunxin.UIViewDemo;
				PRODUCT_NAME = "$(TARGET_NAME)";
				PROVISIONING_PROFILE_SPECIFIER = "";
				TARGETED_DEVICE_FAMILY = "1,2";
			};
			name = Release;
		};
/* End XCBuildConfiguration section */

/* Begin XCConfigurationList section */
		1AF42C021FBD385C00295882 /* Build configuration list for PBXProject "UIViewDemo" */ = {
			isa = XCConfigurationList;
			buildConfigurations = (
				1AF42C1B1FBD385C00295882 /* Debug */,
				1AF42C1C1FBD385C00295882 /* Release */,
			);
			defaultConfigurationIsVisible = 0;
			defaultConfigurationName = Release;
		};
		1AF42C1D1FBD385C00295882 /* Build configuration list for PBXNativeTarget "UIViewDemo" */ = {
			isa = XCConfigurationList;
			buildConfigurations = (
				1AF42C1E1FBD385C00295882 /* Debug */,
				1AF42C1F1FBD385C00295882 /* Release */,
			);
			defaultConfigurationIsVisible = 0;
			defaultConfigurationName = Release;
		};
/* End XCConfigurationList section */
	};
	rootObject = 1AF42BFF1FBD385C00295882 /* Project object */;
}
